
Microsoft Visual Studio Solution File, Format Version 12.00
# Visual Studio Version 17
VisualStudioVersion = 17.0.31903.59
MinimumVisualStudioVersion = 10.0.40219.1
Project("{FAE04EC0-301F-11D3-BF4B-00C04F79EFBC}") = "TelemetriaPCan.Domain", "src\TelemetriaPCan.Domain\TelemetriaPCan.Domain.csproj", "{57E6F517-7AB7-4BC5-ADB8-DF3F6A4A8ABD}"
EndProject
Project("{FAE04EC0-301F-11D3-BF4B-00C04F79EFBC}") = "TelemetriaPCan.Application", "src\TelemetriaPCan.Application\TelemetriaPCan.Application.csproj", "{49DF6216-A00D-44E6-B6B2-C3E59D830077}"
EndProject
Project("{FAE04EC0-301F-11D3-BF4B-00C04F79EFBC}") = "TelemetriaPCan.Infrastructure", "src\TelemetriaPCan.Infrastructure\TelemetriaPCan.Infrastructure.csproj", "{14947B4C-BDD6-44EF-9B19-819E6859FE52}"
EndProject
Project("{FAE04EC0-301F-11D3-BF4B-00C04F79EFBC}") = "TelemetriaPCan.API", "src\TelemetriaPCan.API\TelemetriaPCan.API.csproj", "{EDB9BB13-B516-4123-BF69-0FA7603567F0}"
EndProject
Global
	GlobalSection(SolutionConfigurationPlatforms) = preSolution
		Debug|Any CPU = Debug|Any CPU
		Debug|x64 = Debug|x64
		Debug|x86 = Debug|x86
		Release|Any CPU = Release|Any CPU
		Release|x64 = Release|x64
		Release|x86 = Release|x86
	EndGlobalSection
	GlobalSection(ProjectConfigurationPlatforms) = postSolution
		{57E6F517-7AB7-4BC5-ADB8-DF3F6A4A8ABD}.Debug|Any CPU.ActiveCfg = Debug|Any CPU
		{57E6F517-7AB7-4BC5-ADB8-DF3F6A4A8ABD}.Debug|Any CPU.Build.0 = Debug|Any CPU
		{57E6F517-7AB7-4BC5-ADB8-DF3F6A4A8ABD}.Debug|x64.ActiveCfg = Debug|Any CPU
		{57E6F517-7AB7-4BC5-ADB8-DF3F6A4A8ABD}.Debug|x64.Build.0 = Debug|Any CPU
		{57E6F517-7AB7-4BC5-ADB8-DF3F6A4A8ABD}.Debug|x86.ActiveCfg = Debug|Any CPU
		{57E6F517-7AB7-4BC5-ADB8-DF3F6A4A8ABD}.Debug|x86.Build.0 = Debug|Any CPU
		{57E6F517-7AB7-4BC5-ADB8-DF3F6A4A8ABD}.Release|Any CPU.ActiveCfg = Release|Any CPU
		{57E6F517-7AB7-4BC5-ADB8-DF3F6A4A8ABD}.Release|Any CPU.Build.0 = Release|Any CPU
		{57E6F517-7AB7-4BC5-ADB8-DF3F6A4A8ABD}.Release|x64.ActiveCfg = Release|Any CPU
		{57E6F517-7AB7-4BC5-ADB8-DF3F6A4A8ABD}.Release|x64.Build.0 = Release|Any CPU
		{57E6F517-7AB7-4BC5-ADB8-DF3F6A4A8ABD}.Release|x86.ActiveCfg = Release|Any CPU
		{57E6F517-7AB7-4BC5-ADB8-DF3F6A4A8ABD}.Release|x86.Build.0 = Release|Any CPU
		{49DF6216-A00D-44E6-B6B2-C3E59D830077}.Debug|Any CPU.ActiveCfg = Debug|Any CPU
		{49DF6216-A00D-44E6-B6B2-C3E59D830077}.Debug|Any CPU.Build.0 = Debug|Any CPU
		{49DF6216-A00D-44E6-B6B2-C3E59D830077}.Debug|x64.ActiveCfg = Debug|Any CPU
		{49DF6216-A00D-44E6-B6B2-C3E59D830077}.Debug|x64.Build.0 = Debug|Any CPU
		{49DF6216-A00D-44E6-B6B2-C3E59D830077}.Debug|x86.ActiveCfg = Debug|Any CPU
		{49DF6216-A00D-44E6-B6B2-C3E59D830077}.Debug|x86.Build.0 = Debug|Any CPU
		{49DF6216-A00D-44E6-B6B2-C3E59D830077}.Release|Any CPU.ActiveCfg = Release|Any CPU
		{49DF6216-A00D-44E6-B6B2-C3E59D830077}.Release|Any CPU.Build.0 = Release|Any CPU
		{49DF6216-A00D-44E6-B6B2-C3E59D830077}.Release|x64.ActiveCfg = Release|Any CPU
		{49DF6216-A00D-44E6-B6B2-C3E59D830077}.Release|x64.Build.0 = Release|Any CPU
		{49DF6216-A00D-44E6-B6B2-C3E59D830077}.Release|x86.ActiveCfg = Release|Any CPU
		{49DF6216-A00D-44E6-B6B2-C3E59D830077}.Release|x86.Build.0 = Release|Any CPU
		{14947B4C-BDD6-44EF-9B19-819E6859FE52}.Debug|Any CPU.ActiveCfg = Debug|Any CPU
		{14947B4C-BDD6-44EF-9B19-819E6859FE52}.Debug|Any CPU.Build.0 = Debug|Any CPU
		{14947B4C-BDD6-44EF-9B19-819E6859FE52}.Debug|x64.ActiveCfg = Debug|Any CPU
		{14947B4C-BDD6-44EF-9B19-819E6859FE52}.Debug|x64.Build.0 = Debug|Any CPU
		{14947B4C-BDD6-44EF-9B19-819E6859FE52}.Debug|x86.ActiveCfg = Debug|Any CPU
		{14947B4C-BDD6-44EF-9B19-819E6859FE52}.Debug|x86.Build.0 = Debug|Any CPU
		{14947B4C-BDD6-44EF-9B19-819E6859FE52}.Release|Any CPU.ActiveCfg = Release|Any CPU
		{14947B4C-BDD6-44EF-9B19-819E6859FE52}.Release|Any CPU.Build.0 = Release|Any CPU
		{14947B4C-BDD6-44EF-9B19-819E6859FE52}.Release|x64.ActiveCfg = Release|Any CPU
		{14947B4C-BDD6-44EF-9B19-819E6859FE52}.Release|x64.Build.0 = Release|Any CPU
		{14947B4C-BDD6-44EF-9B19-819E6859FE52}.Release|x86.ActiveCfg = Release|Any CPU
		{14947B4C-BDD6-44EF-9B19-819E6859FE52}.Release|x86.Build.0 = Release|Any CPU
		{EDB9BB13-B516-4123-BF69-0FA7603567F0}.Debug|Any CPU.ActiveCfg = Debug|Any CPU
		{EDB9BB13-B516-4123-BF69-0FA7603567F0}.Debug|Any CPU.Build.0 = Debug|Any CPU
		{EDB9BB13-B516-4123-BF69-0FA7603567F0}.Debug|x64.ActiveCfg = Debug|Any CPU
		{EDB9BB13-B516-4123-BF69-0FA7603567F0}.Debug|x64.Build.0 = Debug|Any CPU
		{EDB9BB13-B516-4123-BF69-0FA7603567F0}.Debug|x86.ActiveCfg = Debug|Any CPU
		{EDB9BB13-B516-4123-BF69-0FA7603567F0}.Debug|x86.Build.0 = Debug|Any CPU
		{EDB9BB13-B516-4123-BF69-0FA7603567F0}.Release|Any CPU.ActiveCfg = Release|Any CPU
		{EDB9BB13-B516-4123-BF69-0FA7603567F0}.Release|Any CPU.Build.0 = Release|Any CPU
		{EDB9BB13-B516-4123-BF69-0FA7603567F0}.Release|x64.ActiveCfg = Release|Any CPU
		{EDB9BB13-B516-4123-BF69-0FA7603567F0}.Release|x64.Build.0 = Release|Any CPU
		{EDB9BB13-B516-4123-BF69-0FA7603567F0}.Release|x86.ActiveCfg = Release|Any CPU
		{EDB9BB13-B516-4123-BF69-0FA7603567F0}.Release|x86.Build.0 = Release|Any CPU
	EndGlobalSection
	GlobalSection(SolutionProperties) = preSolution
		HideSolutionNode = FALSE
	EndGlobalSection
EndGlobal
